
Microsoft Visual Studio Solution File, Format Version 12.00
# Visual Studio Version 16
VisualStudioVersion = 16.0.32126.315
MinimumVisualStudioVersion = 10.0.40219.1
Project("{9A19103F-16F7-4668-BE54-9A1E7A4F7556}") = "APIFilmes", "APIFilmes.csproj", "{E8D7271F-A37D-4768-8E18-5292438AF053}"
EndProject
Project("{FAE04EC0-301F-11D3-BF4B-00C04F79EFBC}") = "UsuariosAPI", "UsuariosAPI\UsuariosAPI.csproj", "{5288BE49-007E-480B-A9A9-DA5DC8D26F65}"
EndProject
Global
	GlobalSection(SolutionConfigurationPlatforms) = preSolution
		Debug|Any CPU = Debug|Any CPU
		Release|Any CPU = Release|Any CPU
	EndGlobalSection
	GlobalSection(ProjectConfigurationPlatforms) = postSolution
		{E8D7271F-A37D-4768-8E18-5292438AF053}.Debug|Any CPU.ActiveCfg = Debug|Any CPU
		{E8D7271F-A37D-4768-8E18-5292438AF053}.Debug|Any CPU.Build.0 = Debug|Any CPU
		{E8D7271F-A37D-4768-8E18-5292438AF053}.Release|Any CPU.ActiveCfg = Release|Any CPU
		{E8D7271F-A37D-4768-8E18-5292438AF053}.Release|Any CPU.Build.0 = Release|Any CPU
		{5288BE49-007E-480B-A9A9-DA5DC8D26F65}.Debug|Any CPU.ActiveCfg = Debug|Any CPU
		{5288BE49-007E-480B-A9A9-DA5DC8D26F65}.Debug|Any CPU.Build.0 = Debug|Any CPU
		{5288BE49-007E-480B-A9A9-DA5DC8D26F65}.Release|Any CPU.ActiveCfg = Release|Any CPU
		{5288BE49-007E-480B-A9A9-DA5DC8D26F65}.Release|Any CPU.Build.0 = Release|Any CPU
	EndGlobalSection
	GlobalSection(SolutionProperties) = preSolution
		HideSolutionNode = FALSE
	EndGlobalSection
	GlobalSection(ExtensibilityGlobals) = postSolution
		SolutionGuid = {24558B70-CC8E-4718-909B-096B7869D40E}
	EndGlobalSection
EndGlobal
